// !$*UTF8*$!
{
	archiveVersion = 1;
	classes = {
	};
	objectVersion = 77;
	objects = {

/* Begin PBXBuildFile section */
		28EFFCF5321D38A91321F638 /* Button.swift in Sources */ = {isa = PBXBuildFile; fileRef = 39148D42FDF13D8FCD64C373 /* Button.swift */; };
		582C37D2879CAAE5C9869019 /* AscendApp.swift in Sources */ = {isa = PBXBuildFile; fileRef = D4D82E146BA08A123CB9CFDB /* AscendApp.swift */; };
		6286340CA8F9C44A5589D304 /* SampleData.swift in Sources */ = {isa = PBXBuildFile; fileRef = 4DA61001900AB7E1A4D2D2A4 /* SampleData.swift */; };
		94934ED92379D2E9D789144D /* Spacing.swift in Sources */ = {isa = PBXBuildFile; fileRef = B8E49E08A0E5690FBBD4C6DD /* Spacing.swift */; };
		A0CDEF9C954955AB5E416F88 /* Assets.xcassets in Resources */ = {isa = PBXBuildFile; fileRef = 69508BC47C1B774C74544D0F /* Assets.xcassets */; };
		A3A59F7A66FEDB8600A40478 /* Colors.swift in Sources */ = {isa = PBXBuildFile; fileRef = E71B1C67D9CB899699D0F309 /* Colors.swift */; };
		A548BE45EB842F18FDC48338 /* LocalWorkoutRepository.swift in Sources */ = {isa = PBXBuildFile; fileRef = 39A2D7767DC493CDFBA12A8C /* LocalWorkoutRepository.swift */; };
		A8F86DD00C7160FDC3B089F1 /* Typography.swift in Sources */ = {isa = PBXBuildFile; fileRef = 5CC2DA3A4F45CE24C65E6420 /* Typography.swift */; };
		B68F9374CD870260E4CA85F0 /* WorkoutSession.swift in Sources */ = {isa = PBXBuildFile; fileRef = 645A75530F6CFBAA237874A1 /* WorkoutSession.swift */; };
		C59A2DFD97416A06E9716BFF /* WorkoutProgramRepository.swift in Sources */ = {isa = PBXBuildFile; fileRef = 79F542A370949198CB1A2720 /* WorkoutProgramRepository.swift */; };
		D34D19D209D86BD6A89CC16A /* WorkoutProgram.swift in Sources */ = {isa = PBXBuildFile; fileRef = B5D0A46FAF8173053F9309F5 /* WorkoutProgram.swift */; };
		D9E3EF20EA4D614AD7B54EEF /* ContentView.swift in Sources */ = {isa = PBXBuildFile; fileRef = 0F3EF8C0385714E8B71DF9D3 /* ContentView.swift */; };
		E55214AF7C28520A4094A9D9 /* Exercise.swift in Sources */ = {isa = PBXBuildFile; fileRef = 12E2B1434F8E962A5421BF79 /* Exercise.swift */; };
		EA6033294431248A9DF4A450 /* WorkoutDay.swift in Sources */ = {isa = PBXBuildFile; fileRef = 7C622690C831B43813AD7328 /* WorkoutDay.swift */; };
		FAF76A551ECB5BD54C54C366 /* AscendTheme.swift in Sources */ = {isa = PBXBuildFile; fileRef = 6208350E3E20C9223D63530E /* AscendTheme.swift */; };
/* End PBXBuildFile section */

/* Begin PBXFileReference section */
		0F3EF8C0385714E8B71DF9D3 /* ContentView.swift */ = {isa = PBXFileReference; lastKnownFileType = sourcecode.swift; path = ContentView.swift; sourceTree = "<group>"; };
		12E2B1434F8E962A5421BF79 /* Exercise.swift */ = {isa = PBXFileReference; lastKnownFileType = sourcecode.swift; path = Exercise.swift; sourceTree = "<group>"; };
		39148D42FDF13D8FCD64C373 /* Button.swift */ = {isa = PBXFileReference; lastKnownFileType = sourcecode.swift; path = Button.swift; sourceTree = "<group>"; };
		39A2D7767DC493CDFBA12A8C /* LocalWorkoutRepository.swift */ = {isa = PBXFileReference; lastKnownFileType = sourcecode.swift; path = LocalWorkoutRepository.swift; sourceTree = "<group>"; };
		4DA61001900AB7E1A4D2D2A4 /* SampleData.swift */ = {isa = PBXFileReference; lastKnownFileType = sourcecode.swift; path = SampleData.swift; sourceTree = "<group>"; };
		5CC2DA3A4F45CE24C65E6420 /* Typography.swift */ = {isa = PBXFileReference; lastKnownFileType = sourcecode.swift; path = Typography.swift; sourceTree = "<group>"; };
		6208350E3E20C9223D63530E /* AscendTheme.swift */ = {isa = PBXFileReference; lastKnownFileType = sourcecode.swift; path = AscendTheme.swift; sourceTree = "<group>"; };
		645A75530F6CFBAA237874A1 /* WorkoutSession.swift */ = {isa = PBXFileReference; lastKnownFileType = sourcecode.swift; path = WorkoutSession.swift; sourceTree = "<group>"; };
		69508BC47C1B774C74544D0F /* Assets.xcassets */ = {isa = PBXFileReference; lastKnownFileType = folder.assetcatalog; path = Assets.xcassets; sourceTree = "<group>"; };
		79F542A370949198CB1A2720 /* WorkoutProgramRepository.swift */ = {isa = PBXFileReference; lastKnownFileType = sourcecode.swift; path = WorkoutProgramRepository.swift; sourceTree = "<group>"; };
		7C622690C831B43813AD7328 /* WorkoutDay.swift */ = {isa = PBXFileReference; lastKnownFileType = sourcecode.swift; path = WorkoutDay.swift; sourceTree = "<group>"; };
		A7EAB7C846BD00B09E2A78C3 /* Ascend.app */ = {isa = PBXFileReference; includeInIndex = 0; lastKnownFileType = wrapper.application; path = Ascend.app; sourceTree = BUILT_PRODUCTS_DIR; };
		B5D0A46FAF8173053F9309F5 /* WorkoutProgram.swift */ = {isa = PBXFileReference; lastKnownFileType = sourcecode.swift; path = WorkoutProgram.swift; sourceTree = "<group>"; };
		B8E49E08A0E5690FBBD4C6DD /* Spacing.swift */ = {isa = PBXFileReference; lastKnownFileType = sourcecode.swift; path = Spacing.swift; sourceTree = "<group>"; };
		D4D82E146BA08A123CB9CFDB /* AscendApp.swift */ = {isa = PBXFileReference; lastKnownFileType = sourcecode.swift; path = AscendApp.swift; sourceTree = "<group>"; };
		E71B1C67D9CB899699D0F309 /* Colors.swift */ = {isa = PBXFileReference; lastKnownFileType = sourcecode.swift; path = Colors.swift; sourceTree = "<group>"; };
/* End PBXFileReference section */

/* Begin PBXGroup section */
		0877CAE0573937DEEC2A8A33 /* Components */ = {
			isa = PBXGroup;
			children = (
				39148D42FDF13D8FCD64C373 /* Button.swift */,
			);
			path = Components;
			sourceTree = "<group>";
		};
		219AE15B9F7548536948786A /* Data */ = {
			isa = PBXGroup;
			children = (
				4DA61001900AB7E1A4D2D2A4 /* SampleData.swift */,
			);
			path = Data;
			sourceTree = "<group>";
		};
		262C78DE1A53968FA4D63348 /* Services */ = {
			isa = PBXGroup;
			children = (
				39A2D7767DC493CDFBA12A8C /* LocalWorkoutRepository.swift */,
				79F542A370949198CB1A2720 /* WorkoutProgramRepository.swift */,
			);
			path = Services;
			sourceTree = "<group>";
		};
		29A79A837CF0AA76976E57E3 /* Theme */ = {
			isa = PBXGroup;
			children = (
				E71B1C67D9CB899699D0F309 /* Colors.swift */,
				B8E49E08A0E5690FBBD4C6DD /* Spacing.swift */,
				5CC2DA3A4F45CE24C65E6420 /* Typography.swift */,
			);
			path = Theme;
			sourceTree = "<group>";
		};
		45D980C25CA7A39BD768E88C /* Ascend */ = {
			isa = PBXGroup;
			children = (
				D4D82E146BA08A123CB9CFDB /* AscendApp.swift */,
				69508BC47C1B774C74544D0F /* Assets.xcassets */,
				0F3EF8C0385714E8B71DF9D3 /* ContentView.swift */,
				F24D0FFE52DFC27A4022731C /* Core */,
				219AE15B9F7548536948786A /* Data */,
				66BF1B0FEBA0F266538826B4 /* Models */,
				262C78DE1A53968FA4D63348 /* Services */,
				914BACC55BE21F0BAF1F7CAA /* Views */,
			);
			path = Ascend;
			sourceTree = "<group>";
		};
		66B2524C87E50AF41A9BD951 = {
			isa = PBXGroup;
			children = (
				45D980C25CA7A39BD768E88C /* Ascend */,
				E2343874678287BE12AA72B5 /* Products */,
			);
			sourceTree = "<group>";
		};
		66BF1B0FEBA0F266538826B4 /* Models */ = {
			isa = PBXGroup;
			children = (
				12E2B1434F8E962A5421BF79 /* Exercise.swift */,
				7C622690C831B43813AD7328 /* WorkoutDay.swift */,
				B5D0A46FAF8173053F9309F5 /* WorkoutProgram.swift */,
				645A75530F6CFBAA237874A1 /* WorkoutSession.swift */,
			);
			path = Models;
			sourceTree = "<group>";
		};
		914BACC55BE21F0BAF1F7CAA /* Views */ = {
			isa = PBXGroup;
			children = (
				0877CAE0573937DEEC2A8A33 /* Components */,
			);
			path = Views;
			sourceTree = "<group>";
		};
		E2343874678287BE12AA72B5 /* Products */ = {
			isa = PBXGroup;
			children = (
				A7EAB7C846BD00B09E2A78C3 /* Ascend.app */,
			);
			name = Products;
			sourceTree = "<group>";
		};
		F24D0FFE52DFC27A4022731C /* Core */ = {
			isa = PBXGroup;
			children = (
				6208350E3E20C9223D63530E /* AscendTheme.swift */,
				29A79A837CF0AA76976E57E3 /* Theme */,
			);
			path = Core;
			sourceTree = "<group>";
		};
/* End PBXGroup section */

/* Begin PBXNativeTarget section */
		0F9C8F4802F951B131266DB5 /* Ascend */ = {
			isa = PBXNativeTarget;
			buildConfigurationList = 72D2F66540A048EC14E79B04 /* Build configuration list for PBXNativeTarget "Ascend" */;
			buildPhases = (
				64BAAC16EF9E2C5C513B3857 /* Sources */,
				D20405F47BED1E64236BD440 /* Resources */,
			);
			buildRules = (
			);
			dependencies = (
			);
			name = Ascend;
			packageProductDependencies = (
			);
			productName = Ascend;
			productReference = A7EAB7C846BD00B09E2A78C3 /* Ascend.app */;
			productType = "com.apple.product-type.application";
		};
/* End PBXNativeTarget section */

/* Begin PBXProject section */
		9BC2E0E6397AA312597C79FF /* Project object */ = {
			isa = PBXProject;
			attributes = {
				BuildIndependentTargetsInParallel = YES;
				LastUpgradeCheck = 1430;
			};
			buildConfigurationList = F8CC7C5EBE7E6B5872A0ECEB /* Build configuration list for PBXProject "Ascend" */;
			compatibilityVersion = "Xcode 14.0";
			developmentRegion = en;
			hasScannedForEncodings = 0;
			knownRegions = (
				Base,
				en,
			);
			mainGroup = 66B2524C87E50AF41A9BD951;
			minimizedProjectReferenceProxies = 1;
			preferredProjectObjectVersion = 77;
			projectDirPath = "";
			projectRoot = "";
			targets = (
				0F9C8F4802F951B131266DB5 /* Ascend */,
			);
		};
/* End PBXProject section */

/* Begin PBXResourcesBuildPhase section */
		D20405F47BED1E64236BD440 /* Resources */ = {
			isa = PBXResourcesBuildPhase;
			buildActionMask = 2147483647;
			files = (
				A0CDEF9C954955AB5E416F88 /* Assets.xcassets in Resources */,
			);
			runOnlyForDeploymentPostprocessing = 0;
		};
/* End PBXResourcesBuildPhase section */

/* Begin PBXSourcesBuildPhase section */
		64BAAC16EF9E2C5C513B3857 /* Sources */ = {
			isa = PBXSourcesBuildPhase;
			buildActionMask = 2147483647;
			files = (
				582C37D2879CAAE5C9869019 /* AscendApp.swift in Sources */,
				FAF76A551ECB5BD54C54C366 /* AscendTheme.swift in Sources */,
				28EFFCF5321D38A91321F638 /* Button.swift in Sources */,
				A3A59F7A66FEDB8600A40478 /* Colors.swift in Sources */,
				D9E3EF20EA4D614AD7B54EEF /* ContentView.swift in Sources */,
				E55214AF7C28520A4094A9D9 /* Exercise.swift in Sources */,
				A548BE45EB842F18FDC48338 /* LocalWorkoutRepository.swift in Sources */,
				6286340CA8F9C44A5589D304 /* SampleData.swift in Sources */,
				94934ED92379D2E9D789144D /* Spacing.swift in Sources */,
				A8F86DD00C7160FDC3B089F1 /* Typography.swift in Sources */,
				EA6033294431248A9DF4A450 /* WorkoutDay.swift in Sources */,
				D34D19D209D86BD6A89CC16A /* WorkoutProgram.swift in Sources */,
				C59A2DFD97416A06E9716BFF /* WorkoutProgramRepository.swift in Sources */,
				B68F9374CD870260E4CA85F0 /* WorkoutSession.swift in Sources */,
			);
			runOnlyForDeploymentPostprocessing = 0;
		};
/* End PBXSourcesBuildPhase section */

/* Begin XCBuildConfiguration section */
		2D451A5AB3F208FF47C6F862 /* Release */ = {
			isa = XCBuildConfiguration;
			buildSettings = {
				ASSETCATALOG_COMPILER_APPICON_NAME = AppIcon;
				CODE_SIGN_IDENTITY = "iPhone Developer";
				GENERATE_INFOPLIST_FILE = YES;
				INFOPLIST_KEY_UIApplicationSceneManifest_Generation = YES;
				INFOPLIST_KEY_UIApplicationSupportsIndirectInputEvents = YES;
				INFOPLIST_KEY_UILaunchScreen_Generation = YES;
				INFOPLIST_KEY_UISupportedInterfaceOrientations_iPad = "UIInterfaceOrientationPortrait UIInterfaceOrientationPortraitUpsideDown UIInterfaceOrientationLandscapeLeft UIInterfaceOrientationLandscapeRight";
				INFOPLIST_KEY_UISupportedInterfaceOrientations_iPhone = "UIInterfaceOrientationPortrait UIInterfaceOrientationLandscapeLeft UIInterfaceOrientationLandscaleRight";
				IPHONEOS_DEPLOYMENT_TARGET = 17.0;
				LD_RUNPATH_SEARCH_PATHS = (
					"$(inherited)",
					"@executable_path/Frameworks",
				);
				PRODUCT_BUNDLE_IDENTIFIER = com.barsboldb.ascend;
				PRODUCT_NAME = Ascend;
				SDKROOT = iphoneos;
				SWIFT_VERSION = 5.0;
				TARGETED_DEVICE_FAMILY = "1,2";
			};
			name = Release;
		};
		6F93EE7378172F1C536697A9 /* Debug */ = {
			isa = XCBuildConfiguration;
			buildSettings = {
				ALWAYS_SEARCH_USER_PATHS = NO;
				CLANG_ANALYZER_NONNULL = YES;
				CLANG_ANALYZER_NUMBER_OBJECT_CONVERSION = YES_AGGRESSIVE;
				CLANG_CXX_LANGUAGE_STANDARD = "gnu++14";
				CLANG_CXX_LIBRARY = "libc++";
				CLANG_ENABLE_MODULES = YES;
				CLANG_ENABLE_OBJC_ARC = YES;
				CLANG_ENABLE_OBJC_WEAK = YES;
				CLANG_WARN_BLOCK_CAPTURE_AUTORELEASING = YES;
				CLANG_WARN_BOOL_CONVERSION = YES;
				CLANG_WARN_COMMA = YES;
				CLANG_WARN_CONSTANT_CONVERSION = YES;
				CLANG_WARN_DEPRECATED_OBJC_IMPLEMENTATIONS = YES;
				CLANG_WARN_DIRECT_OBJC_ISA_USAGE = YES_ERROR;
				CLANG_WARN_DOCUMENTATION_COMMENTS = YES;
				CLANG_WARN_EMPTY_BODY = YES;
				CLANG_WARN_ENUM_CONVERSION = YES;
				CLANG_WARN_INFINITE_RECURSION = YES;
				CLANG_WARN_INT_CONVERSION = YES;
				CLANG_WARN_NON_LITERAL_NULL_CONVERSION = YES;
				CLANG_WARN_OBJC_IMPLICIT_RETAIN_SELF = YES;
				CLANG_WARN_OBJC_LITERAL_CONVERSION = YES;
				CLANG_WARN_OBJC_ROOT_CLASS = YES_ERROR;
				CLANG_WARN_QUOTED_INCLUDE_IN_FRAMEWORK_HEADER = YES;
				CLANG_WARN_RANGE_LOOP_ANALYSIS = YES;
				CLANG_WARN_STRICT_PROTOTYPES = YES;
				CLANG_WARN_SUSPICIOUS_MOVE = YES;
				CLANG_WARN_UNGUARDED_AVAILABILITY = YES_AGGRESSIVE;
				CLANG_WARN_UNREACHABLE_CODE = YES;
				CLANG_WARN__DUPLICATE_METHOD_MATCH = YES;
				COPY_PHASE_STRIP = NO;
				DEBUG_INFORMATION_FORMAT = dwarf;
				ENABLE_STRICT_OBJC_MSGSEND = YES;
				ENABLE_TESTABILITY = YES;
				GCC_C_LANGUAGE_STANDARD = gnu11;
				GCC_DYNAMIC_NO_PIC = NO;
				GCC_NO_COMMON_BLOCKS = YES;
				GCC_OPTIMIZATION_LEVEL = 0;
				GCC_PREPROCESSOR_DEFINITIONS = (
					"$(inherited)",
					"DEBUG=1",
				);
				GCC_WARN_64_TO_32_BIT_CONVERSION = YES;
				GCC_WARN_ABOUT_RETURN_TYPE = YES_ERROR;
				GCC_WARN_UNDECLARED_SELECTOR = YES;
				GCC_WARN_UNINITIALIZED_AUTOS = YES_AGGRESSIVE;
				GCC_WARN_UNUSED_FUNCTION = YES;
				GCC_WARN_UNUSED_VARIABLE = YES;
				MTL_ENABLE_DEBUG_INFO = INCLUDE_SOURCE;
				MTL_FAST_MATH = YES;
				ONLY_ACTIVE_ARCH = YES;
				PRODUCT_NAME = "$(TARGET_NAME)";
				SDKROOT = iphoneos;
				SWIFT_ACTIVE_COMPILATION_CONDITIONS = DEBUG;
				SWIFT_OPTIMIZATION_LEVEL = "-Onone";
				SWIFT_VERSION = 5.0;
			};
			name = Debug;
		};
		CFB58F4B18EAD3BEF5776DCE /* Release */ = {
			isa = XCBuildConfiguration;
			buildSettings = {
				ALWAYS_SEARCH_USER_PATHS = NO;
				CLANG_ANALYZER_NONNULL = YES;
				CLANG_ANALYZER_NUMBER_OBJECT_CONVERSION = YES_AGGRESSIVE;
				CLANG_CXX_LANGUAGE_STANDARD = "gnu++14";
				CLANG_CXX_LIBRARY = "libc++";
				CLANG_ENABLE_MODULES = YES;
				CLANG_ENABLE_OBJC_ARC = YES;
				CLANG_ENABLE_OBJC_WEAK = YES;
				CLANG_WARN_BLOCK_CAPTURE_AUTORELEASING = YES;
				CLANG_WARN_BOOL_CONVERSION = YES;
				CLANG_WARN_COMMA = YES;
				CLANG_WARN_CONSTANT_CONVERSION = YES;
				CLANG_WARN_DEPRECATED_OBJC_IMPLEMENTATIONS = YES;
				CLANG_WARN_DIRECT_OBJC_ISA_USAGE = YES_ERROR;
				CLANG_WARN_DOCUMENTATION_COMMENTS = YES;
				CLANG_WARN_EMPTY_BODY = YES;
				CLANG_WARN_ENUM_CONVERSION = YES;
				CLANG_WARN_INFINITE_RECURSION = YES;
				CLANG_WARN_INT_CONVERSION = YES;
				CLANG_WARN_NON_LITERAL_NULL_CONVERSION = YES;
				CLANG_WARN_OBJC_IMPLICIT_RETAIN_SELF = YES;
				CLANG_WARN_OBJC_LITERAL_CONVERSION = YES;
				CLANG_WARN_OBJC_ROOT_CLASS = YES_ERROR;
				CLANG_WARN_QUOTED_INCLUDE_IN_FRAMEWORK_HEADER = YES;
				CLANG_WARN_RANGE_LOOP_ANALYSIS = YES;
				CLANG_WARN_STRICT_PROTOTYPES = YES;
				CLANG_WARN_SUSPICIOUS_MOVE = YES;
				CLANG_WARN_UNGUARDED_AVAILABILITY = YES_AGGRESSIVE;
				CLANG_WARN_UNREACHABLE_CODE = YES;
				CLANG_WARN__DUPLICATE_METHOD_MATCH = YES;
				COPY_PHASE_STRIP = NO;
				DEBUG_INFORMATION_FORMAT = "dwarf-with-dsym";
				ENABLE_NS_ASSERTIONS = NO;
				ENABLE_STRICT_OBJC_MSGSEND = YES;
				GCC_C_LANGUAGE_STANDARD = gnu11;
				GCC_NO_COMMON_BLOCKS = YES;
				GCC_WARN_64_TO_32_BIT_CONVERSION = YES;
				GCC_WARN_ABOUT_RETURN_TYPE = YES_ERROR;
				GCC_WARN_UNDECLARED_SELECTOR = YES;
				GCC_WARN_UNINITIALIZED_AUTOS = YES_AGGRESSIVE;
				GCC_WARN_UNUSED_FUNCTION = YES;
				GCC_WARN_UNUSED_VARIABLE = YES;
				MTL_ENABLE_DEBUG_INFO = NO;
				MTL_FAST_MATH = YES;
				PRODUCT_NAME = "$(TARGET_NAME)";
				SDKROOT = iphoneos;
				SWIFT_COMPILATION_MODE = wholemodule;
				SWIFT_OPTIMIZATION_LEVEL = "-O";
				SWIFT_VERSION = 5.0;
			};
			name = Release;
		};
		DA9B6EABC5E45A8920613CD4 /* Debug */ = {
			isa = XCBuildConfiguration;
			buildSettings = {
				ASSETCATALOG_COMPILER_APPICON_NAME = AppIcon;
				CODE_SIGN_IDENTITY = "iPhone Developer";
				GENERATE_INFOPLIST_FILE = YES;
				INFOPLIST_KEY_UIApplicationSceneManifest_Generation = YES;
				INFOPLIST_KEY_UIApplicationSupportsIndirectInputEvents = YES;
				INFOPLIST_KEY_UILaunchScreen_Generation = YES;
				INFOPLIST_KEY_UISupportedInterfaceOrientations_iPad = "UIInterfaceOrientationPortrait UIInterfaceOrientationPortraitUpsideDown UIInterfaceOrientationLandscapeLeft UIInterfaceOrientationLandscapeRight";
				INFOPLIST_KEY_UISupportedInterfaceOrientations_iPhone = "UIInterfaceOrientationPortrait UIInterfaceOrientationLandscapeLeft UIInterfaceOrientationLandscaleRight";
				IPHONEOS_DEPLOYMENT_TARGET = 17.0;
				LD_RUNPATH_SEARCH_PATHS = (
					"$(inherited)",
					"@executable_path/Frameworks",
				);
				PRODUCT_BUNDLE_IDENTIFIER = com.barsboldb.ascend;
				PRODUCT_NAME = Ascend;
				SDKROOT = iphoneos;
				SWIFT_VERSION = 5.0;
				TARGETED_DEVICE_FAMILY = "1,2";
			};
			name = Debug;
		};
/* End XCBuildConfiguration section */

/* Begin XCConfigurationList section */
		72D2F66540A048EC14E79B04 /* Build configuration list for PBXNativeTarget "Ascend" */ = {
			isa = XCConfigurationList;
			buildConfigurations = (
				DA9B6EABC5E45A8920613CD4 /* Debug */,
				2D451A5AB3F208FF47C6F862 /* Release */,
			);
			defaultConfigurationIsVisible = 0;
			defaultConfigurationName = Debug;
		};
		F8CC7C5EBE7E6B5872A0ECEB /* Build configuration list for PBXProject "Ascend" */ = {
			isa = XCConfigurationList;
			buildConfigurations = (
				6F93EE7378172F1C536697A9 /* Debug */,
				CFB58F4B18EAD3BEF5776DCE /* Release */,
			);
			defaultConfigurationIsVisible = 0;
			defaultConfigurationName = Debug;
		};
/* End XCConfigurationList section */
	};
	rootObject = 9BC2E0E6397AA312597C79FF /* Project object */;
}
